
Microsoft Visual Studio Solution File, Format Version 12.00
# Visual Studio 15
VisualStudioVersion = 15.0.28010.2048
MinimumVisualStudioVersion = 10.0.40219.1
Project("{FAE04EC0-301F-11D3-BF4B-00C04F79EFBC}") = "ForumTest1", "ForumTest1\ForumTest1.csproj", "{077A6E2D-23C9-4D5F-87ED-1ACC9F113872}"
EndProject
Global
	GlobalSection(SolutionConfigurationPlatforms) = preSolution
		Debug|Any CPU = Debug|Any CPU
		Release|Any CPU = Release|Any CPU
	EndGlobalSection
	GlobalSection(ProjectConfigurationPlatforms) = postSolution
		{077A6E2D-23C9-4D5F-87ED-1ACC9F113872}.Debug|Any CPU.ActiveCfg = Debug|Any CPU
		{077A6E2D-23C9-4D5F-87ED-1ACC9F113872}.Debug|Any CPU.Build.0 = Debug|Any CPU
		{077A6E2D-23C9-4D5F-87ED-1ACC9F113872}.Release|Any CPU.ActiveCfg = Release|Any CPU
		{077A6E2D-23C9-4D5F-87ED-1ACC9F113872}.Release|Any CPU.Build.0 = Release|Any CPU
	EndGlobalSection
	GlobalSection(SolutionProperties) = preSolution
		HideSolutionNode = FALSE
	EndGlobalSection
	GlobalSection(ExtensibilityGlobals) = postSolution
		SolutionGuid = {666F0FB8-C542-48BC-8E98-A7CACE583738}
	EndGlobalSection
EndGlobal
